
Microsoft Visual Studio Solution File, Format Version 12.00
# Visual Studio Version 17
VisualStudioVersion = 17.14.36429.23 d17.14
MinimumVisualStudioVersion = 10.0.40219.1
Project("{FAE04EC0-301F-11D3-BF4B-00C04F79EFBC}") = "productWebApi", "productWebApi\productWebApi.csproj", "{14C20705-3043-4143-A650-061BF0AB1FE3}"
EndProject
Global
	GlobalSection(SolutionConfigurationPlatforms) = preSolution
		Debug|Any CPU = Debug|Any CPU
		Release|Any CPU = Release|Any CPU
	EndGlobalSection
	GlobalSection(ProjectConfigurationPlatforms) = postSolution
		{14C20705-3043-4143-A650-061BF0AB1FE3}.Debug|Any CPU.ActiveCfg = Debug|Any CPU
		{14C20705-3043-4143-A650-061BF0AB1FE3}.Debug|Any CPU.Build.0 = Debug|Any CPU
		{14C20705-3043-4143-A650-061BF0AB1FE3}.Release|Any CPU.ActiveCfg = Release|Any CPU
		{14C20705-3043-4143-A650-061BF0AB1FE3}.Release|Any CPU.Build.0 = Release|Any CPU
	EndGlobalSection
	GlobalSection(SolutionProperties) = preSolution
		HideSolutionNode = FALSE
	EndGlobalSection
	GlobalSection(ExtensibilityGlobals) = postSolution
		SolutionGuid = {9223C026-5535-4204-89A8-FE0FCF75EC54}
	EndGlobalSection
EndGlobal
